// !$*UTF8*$!
{
	archiveVersion = 1;
	classes = {
	};
	objectVersion = 55;
	objects = {

/* Begin PBXBuildFile section */
		42B3CA8D2887ECB200A06C2E /* Data.swift in Sources */ = {isa = PBXBuildFile; fileRef = 42B3CA8C2887ECB200A06C2E /* Data.swift */; };
		42B3CA8F2887ECCA00A06C2E /* quizzes.json in Resources */ = {isa = PBXBuildFile; fileRef = 42B3CA8E2887ECCA00A06C2E /* quizzes.json */; };
		83FE8109288544CE004B5367 /* SubmitCompleteViewController.swift in Sources */ = {isa = PBXBuildFile; fileRef = 83FE8108288544CE004B5367 /* SubmitCompleteViewController.swift */; };
		83FE810B2885458D004B5367 /* QuizAnswerCollectionViewCell.swift in Sources */ = {isa = PBXBuildFile; fileRef = 83FE810A2885458D004B5367 /* QuizAnswerCollectionViewCell.swift */; };
		83FE810E288546F3004B5367 /* Lottie in Frameworks */ = {isa = PBXBuildFile; productRef = 83FE810D288546F3004B5367 /* Lottie */; };
		96027E84288432F300D2E07E /* AppDelegate.swift in Sources */ = {isa = PBXBuildFile; fileRef = 96027E83288432F300D2E07E /* AppDelegate.swift */; };
		96027E86288432F300D2E07E /* SceneDelegate.swift in Sources */ = {isa = PBXBuildFile; fileRef = 96027E85288432F300D2E07E /* SceneDelegate.swift */; };
		96027E88288432F300D2E07E /* MainViewController.swift in Sources */ = {isa = PBXBuildFile; fileRef = 96027E87288432F300D2E07E /* MainViewController.swift */; };
		96027E8D288432F400D2E07E /* Assets.xcassets in Resources */ = {isa = PBXBuildFile; fileRef = 96027E8C288432F400D2E07E /* Assets.xcassets */; };
		96027E90288432F400D2E07E /* LaunchScreen.storyboard in Resources */ = {isa = PBXBuildFile; fileRef = 96027E8E288432F400D2E07E /* LaunchScreen.storyboard */; };
		96027E99288433F600D2E07E /* Extension.swift in Sources */ = {isa = PBXBuildFile; fileRef = 96027E98288433F600D2E07E /* Extension.swift */; };
		96027EA22884350900D2E07E /* tiger.json in Resources */ = {isa = PBXBuildFile; fileRef = 96027E9D2884350900D2E07E /* tiger.json */; };
		96027EA32884350900D2E07E /* panda.json in Resources */ = {isa = PBXBuildFile; fileRef = 96027E9E2884350900D2E07E /* panda.json */; };
		96027EA42884350900D2E07E /* polarbear.json in Resources */ = {isa = PBXBuildFile; fileRef = 96027E9F2884350900D2E07E /* polarbear.json */; };
		96027EA52884350900D2E07E /* dolphin.json in Resources */ = {isa = PBXBuildFile; fileRef = 96027EA02884350900D2E07E /* dolphin.json */; };
		96027EA62884350900D2E07E /* elephant.json in Resources */ = {isa = PBXBuildFile; fileRef = 96027EA12884350900D2E07E /* elephant.json */; };
		967FF602288437AF00E5AF0A /* StarViewController.swift in Sources */ = {isa = PBXBuildFile; fileRef = 967FF601288437AF00E5AF0A /* StarViewController.swift */; };
		967FF605288439E800E5AF0A /* Lottie in Frameworks */ = {isa = PBXBuildFile; productRef = 967FF604288439E800E5AF0A /* Lottie */; };
		967FF607288442E500E5AF0A /* MissionCell.swift in Sources */ = {isa = PBXBuildFile; fileRef = 967FF606288442E500E5AF0A /* MissionCell.swift */; };
		967FF6092884517F00E5AF0A /* QuizViewController.swift in Sources */ = {isa = PBXBuildFile; fileRef = 967FF6082884517F00E5AF0A /* QuizViewController.swift */; };
/* End PBXBuildFile section */

/* Begin PBXFileReference section */
		42B3CA8C2887ECB200A06C2E /* Data.swift */ = {isa = PBXFileReference; lastKnownFileType = sourcecode.swift; name = Data.swift; path = MC3_Tamna/Model/Data.swift; sourceTree = SOURCE_ROOT; };
		42B3CA8E2887ECCA00A06C2E /* quizzes.json */ = {isa = PBXFileReference; lastKnownFileType = text.json; name = quizzes.json; path = MC3_Tamna/Model/quizzes.json; sourceTree = SOURCE_ROOT; };
		83FE8108288544CE004B5367 /* SubmitCompleteViewController.swift */ = {isa = PBXFileReference; lastKnownFileType = sourcecode.swift; path = SubmitCompleteViewController.swift; sourceTree = "<group>"; };
		83FE810A2885458D004B5367 /* QuizAnswerCollectionViewCell.swift */ = {isa = PBXFileReference; lastKnownFileType = sourcecode.swift; path = QuizAnswerCollectionViewCell.swift; sourceTree = "<group>"; };
		96027E80288432F300D2E07E /* MC3_Tamna.app */ = {isa = PBXFileReference; explicitFileType = wrapper.application; includeInIndex = 0; path = MC3_Tamna.app; sourceTree = BUILT_PRODUCTS_DIR; };
		96027E83288432F300D2E07E /* AppDelegate.swift */ = {isa = PBXFileReference; lastKnownFileType = sourcecode.swift; path = AppDelegate.swift; sourceTree = "<group>"; };
		96027E85288432F300D2E07E /* SceneDelegate.swift */ = {isa = PBXFileReference; lastKnownFileType = sourcecode.swift; path = SceneDelegate.swift; sourceTree = "<group>"; };
		96027E87288432F300D2E07E /* MainViewController.swift */ = {isa = PBXFileReference; lastKnownFileType = sourcecode.swift; path = MainViewController.swift; sourceTree = "<group>"; };
		96027E8C288432F400D2E07E /* Assets.xcassets */ = {isa = PBXFileReference; lastKnownFileType = folder.assetcatalog; path = Assets.xcassets; sourceTree = "<group>"; };
		96027E8F288432F400D2E07E /* Base */ = {isa = PBXFileReference; lastKnownFileType = file.storyboard; name = Base; path = Base.lproj/LaunchScreen.storyboard; sourceTree = "<group>"; };
		96027E91288432F400D2E07E /* Info.plist */ = {isa = PBXFileReference; lastKnownFileType = text.plist.xml; path = Info.plist; sourceTree = "<group>"; };
		96027E98288433F600D2E07E /* Extension.swift */ = {isa = PBXFileReference; lastKnownFileType = sourcecode.swift; path = Extension.swift; sourceTree = "<group>"; };
		96027E9D2884350900D2E07E /* tiger.json */ = {isa = PBXFileReference; fileEncoding = 4; lastKnownFileType = text.json; path = tiger.json; sourceTree = "<group>"; };
		96027E9E2884350900D2E07E /* panda.json */ = {isa = PBXFileReference; fileEncoding = 4; lastKnownFileType = text.json; path = panda.json; sourceTree = "<group>"; };
		96027E9F2884350900D2E07E /* polarbear.json */ = {isa = PBXFileReference; fileEncoding = 4; lastKnownFileType = text.json; path = polarbear.json; sourceTree = "<group>"; };
		96027EA02884350900D2E07E /* dolphin.json */ = {isa = PBXFileReference; fileEncoding = 4; lastKnownFileType = text.json; path = dolphin.json; sourceTree = "<group>"; };
		96027EA12884350900D2E07E /* elephant.json */ = {isa = PBXFileReference; fileEncoding = 4; lastKnownFileType = text.json; path = elephant.json; sourceTree = "<group>"; };
		967FF601288437AF00E5AF0A /* StarViewController.swift */ = {isa = PBXFileReference; lastKnownFileType = sourcecode.swift; path = StarViewController.swift; sourceTree = "<group>"; };
		967FF606288442E500E5AF0A /* MissionCell.swift */ = {isa = PBXFileReference; lastKnownFileType = sourcecode.swift; path = MissionCell.swift; sourceTree = "<group>"; };
		967FF6082884517F00E5AF0A /* QuizViewController.swift */ = {isa = PBXFileReference; lastKnownFileType = sourcecode.swift; path = QuizViewController.swift; sourceTree = "<group>"; };
/* End PBXFileReference section */

/* Begin PBXFrameworksBuildPhase section */
		96027E7D288432F300D2E07E /* Frameworks */ = {
			isa = PBXFrameworksBuildPhase;
			buildActionMask = 2147483647;
			files = (
				967FF605288439E800E5AF0A /* Lottie in Frameworks */,
				83FE810E288546F3004B5367 /* Lottie in Frameworks */,
			);
			runOnlyForDeploymentPostprocessing = 0;
		};
/* End PBXFrameworksBuildPhase section */

/* Begin PBXGroup section */
		96027E77288432F300D2E07E = {
			isa = PBXGroup;
			children = (
				96027E82288432F300D2E07E /* MC3_Tamna */,
				96027E81288432F300D2E07E /* Products */,
			);
			sourceTree = "<group>";
		};
		96027E81288432F300D2E07E /* Products */ = {
			isa = PBXGroup;
			children = (
				96027E80288432F300D2E07E /* MC3_Tamna.app */,
			);
			name = Products;
			sourceTree = "<group>";
		};
		96027E82288432F300D2E07E /* MC3_Tamna */ = {
			isa = PBXGroup;
			children = (
				96027E83288432F300D2E07E /* AppDelegate.swift */,
				96027E85288432F300D2E07E /* SceneDelegate.swift */,
				96027E98288433F600D2E07E /* Extension.swift */,
				96027E9A2884340A00D2E07E /* Lotties */,
				96A3412528892C6E008EC700 /* Model */,
				96027E9C2884342100D2E07E /* View */,
				96027E97288433E700D2E07E /* ViewController */,
				96027E8C288432F400D2E07E /* Assets.xcassets */,
				96027E8E288432F400D2E07E /* LaunchScreen.storyboard */,
				96027E91288432F400D2E07E /* Info.plist */,
			);
			path = MC3_Tamna;
			sourceTree = "<group>";
		};
		96027E97288433E700D2E07E /* ViewController */ = {
			isa = PBXGroup;
			children = (
				96027E87288432F300D2E07E /* MainViewController.swift */,
				967FF601288437AF00E5AF0A /* StarViewController.swift */,
				967FF6082884517F00E5AF0A /* QuizViewController.swift */,
				83FE8108288544CE004B5367 /* SubmitCompleteViewController.swift */,
			);
			path = ViewController;
			sourceTree = "<group>";
		};
		96027E9A2884340A00D2E07E /* Lotties */ = {
			isa = PBXGroup;
			children = (
				96027EA02884350900D2E07E /* dolphin.json */,
				96027EA12884350900D2E07E /* elephant.json */,
				96027E9E2884350900D2E07E /* panda.json */,
				96027E9F2884350900D2E07E /* polarbear.json */,
				96027E9D2884350900D2E07E /* tiger.json */,
			);
			path = Lotties;
			sourceTree = "<group>";
		};
		96027E9C2884342100D2E07E /* View */ = {
			isa = PBXGroup;
			children = (
				967FF606288442E500E5AF0A /* MissionCell.swift */,
				83FE810A2885458D004B5367 /* QuizAnswerCollectionViewCell.swift */,
			);
			path = View;
			sourceTree = "<group>";
		};
		96A3412528892C6E008EC700 /* Model */ = {
			isa = PBXGroup;
			children = (
				42B3CA8C2887ECB200A06C2E /* Data.swift */,
				42B3CA8E2887ECCA00A06C2E /* quizzes.json */,
			);
			path = Model;
			sourceTree = "<group>";
		};
/* End PBXGroup section */

/* Begin PBXNativeTarget section */
		96027E7F288432F300D2E07E /* MC3_Tamna */ = {
			isa = PBXNativeTarget;
			buildConfigurationList = 96027E94288432F400D2E07E /* Build configuration list for PBXNativeTarget "MC3_Tamna" */;
			buildPhases = (
				96027E7C288432F300D2E07E /* Sources */,
				96027E7D288432F300D2E07E /* Frameworks */,
				96027E7E288432F300D2E07E /* Resources */,
			);
			buildRules = (
			);
			dependencies = (
			);
			name = MC3_Tamna;
			packageProductDependencies = (
				967FF604288439E800E5AF0A /* Lottie */,
				83FE810D288546F3004B5367 /* Lottie */,
			);
			productName = MC3_Tamna;
			productReference = 96027E80288432F300D2E07E /* MC3_Tamna.app */;
			productType = "com.apple.product-type.application";
		};
/* End PBXNativeTarget section */

/* Begin PBXProject section */
		96027E78288432F300D2E07E /* Project object */ = {
			isa = PBXProject;
			attributes = {
				BuildIndependentTargetsInParallel = 1;
				LastSwiftUpdateCheck = 1340;
				LastUpgradeCheck = 1340;
				TargetAttributes = {
					96027E7F288432F300D2E07E = {
						CreatedOnToolsVersion = 13.4.1;
					};
				};
			};
			buildConfigurationList = 96027E7B288432F300D2E07E /* Build configuration list for PBXProject "MC3_Tamna" */;
			compatibilityVersion = "Xcode 13.0";
			developmentRegion = en;
			hasScannedForEncodings = 0;
			knownRegions = (
				en,
				Base,
			);
			mainGroup = 96027E77288432F300D2E07E;
			packageReferences = (
				967FF603288439E800E5AF0A /* XCRemoteSwiftPackageReference "lottie-ios" */,
			);
			productRefGroup = 96027E81288432F300D2E07E /* Products */;
			projectDirPath = "";
			projectRoot = "";
			targets = (
				96027E7F288432F300D2E07E /* MC3_Tamna */,
			);
		};
/* End PBXProject section */

/* Begin PBXResourcesBuildPhase section */
		96027E7E288432F300D2E07E /* Resources */ = {
			isa = PBXResourcesBuildPhase;
			buildActionMask = 2147483647;
			files = (
				96027EA52884350900D2E07E /* dolphin.json in Resources */,
				96027EA62884350900D2E07E /* elephant.json in Resources */,
				96027E90288432F400D2E07E /* LaunchScreen.storyboard in Resources */,
				96027E8D288432F400D2E07E /* Assets.xcassets in Resources */,
				96027EA32884350900D2E07E /* panda.json in Resources */,
				96027EA22884350900D2E07E /* tiger.json in Resources */,
				96027EA42884350900D2E07E /* polarbear.json in Resources */,
				42B3CA8F2887ECCA00A06C2E /* quizzes.json in Resources */,
			);
			runOnlyForDeploymentPostprocessing = 0;
		};
/* End PBXResourcesBuildPhase section */

/* Begin PBXSourcesBuildPhase section */
		96027E7C288432F300D2E07E /* Sources */ = {
			isa = PBXSourcesBuildPhase;
			buildActionMask = 2147483647;
			files = (
				83FE8109288544CE004B5367 /* SubmitCompleteViewController.swift in Sources */,
				42B3CA8D2887ECB200A06C2E /* Data.swift in Sources */,
				96027E88288432F300D2E07E /* MainViewController.swift in Sources */,
				967FF607288442E500E5AF0A /* MissionCell.swift in Sources */,
				96027E84288432F300D2E07E /* AppDelegate.swift in Sources */,
				967FF6092884517F00E5AF0A /* QuizViewController.swift in Sources */,
				96027E86288432F300D2E07E /* SceneDelegate.swift in Sources */,
				96027E99288433F600D2E07E /* Extension.swift in Sources */,
				967FF602288437AF00E5AF0A /* StarViewController.swift in Sources */,
				83FE810B2885458D004B5367 /* QuizAnswerCollectionViewCell.swift in Sources */,
			);
			runOnlyForDeploymentPostprocessing = 0;
		};
/* End PBXSourcesBuildPhase section */

/* Begin PBXVariantGroup section */
		96027E8E288432F400D2E07E /* LaunchScreen.storyboard */ = {
			isa = PBXVariantGroup;
			children = (
				96027E8F288432F400D2E07E /* Base */,
			);
			name = LaunchScreen.storyboard;
			sourceTree = "<group>";
		};
/* End PBXVariantGroup section */

/* Begin XCBuildConfiguration section */
		96027E92288432F400D2E07E /* Debug */ = {
			isa = XCBuildConfiguration;
			buildSettings = {
				ALWAYS_SEARCH_USER_PATHS = NO;
				CLANG_ANALYZER_NONNULL = YES;
				CLANG_ANALYZER_NUMBER_OBJECT_CONVERSION = YES_AGGRESSIVE;
				CLANG_CXX_LANGUAGE_STANDARD = "gnu++17";
				CLANG_ENABLE_MODULES = YES;
				CLANG_ENABLE_OBJC_ARC = YES;
				CLANG_ENABLE_OBJC_WEAK = YES;
				CLANG_WARN_BLOCK_CAPTURE_AUTORELEASING = YES;
				CLANG_WARN_BOOL_CONVERSION = YES;
				CLANG_WARN_COMMA = YES;
				CLANG_WARN_CONSTANT_CONVERSION = YES;
				CLANG_WARN_DEPRECATED_OBJC_IMPLEMENTATIONS = YES;
				CLANG_WARN_DIRECT_OBJC_ISA_USAGE = YES_ERROR;
				CLANG_WARN_DOCUMENTATION_COMMENTS = YES;
				CLANG_WARN_EMPTY_BODY = YES;
				CLANG_WARN_ENUM_CONVERSION = YES;
				CLANG_WARN_INFINITE_RECURSION = YES;
				CLANG_WARN_INT_CONVERSION = YES;
				CLANG_WARN_NON_LITERAL_NULL_CONVERSION = YES;
				CLANG_WARN_OBJC_IMPLICIT_RETAIN_SELF = YES;
				CLANG_WARN_OBJC_LITERAL_CONVERSION = YES;
				CLANG_WARN_OBJC_ROOT_CLASS = YES_ERROR;
				CLANG_WARN_QUOTED_INCLUDE_IN_FRAMEWORK_HEADER = YES;
				CLANG_WARN_RANGE_LOOP_ANALYSIS = YES;
				CLANG_WARN_STRICT_PROTOTYPES = YES;
				CLANG_WARN_SUSPICIOUS_MOVE = YES;
				CLANG_WARN_UNGUARDED_AVAILABILITY = YES_AGGRESSIVE;
				CLANG_WARN_UNREACHABLE_CODE = YES;
				CLANG_WARN__DUPLICATE_METHOD_MATCH = YES;
				COPY_PHASE_STRIP = NO;
				DEBUG_INFORMATION_FORMAT = dwarf;
				ENABLE_STRICT_OBJC_MSGSEND = YES;
				ENABLE_TESTABILITY = YES;
				GCC_C_LANGUAGE_STANDARD = gnu11;
				GCC_DYNAMIC_NO_PIC = NO;
				GCC_NO_COMMON_BLOCKS = YES;
				GCC_OPTIMIZATION_LEVEL = 0;
				GCC_PREPROCESSOR_DEFINITIONS = (
					"DEBUG=1",
					"$(inherited)",
				);
				GCC_WARN_64_TO_32_BIT_CONVERSION = YES;
				GCC_WARN_ABOUT_RETURN_TYPE = YES_ERROR;
				GCC_WARN_UNDECLARED_SELECTOR = YES;
				GCC_WARN_UNINITIALIZED_AUTOS = YES_AGGRESSIVE;
				GCC_WARN_UNUSED_FUNCTION = YES;
				GCC_WARN_UNUSED_VARIABLE = YES;
				IPHONEOS_DEPLOYMENT_TARGET = 15.5;
				MTL_ENABLE_DEBUG_INFO = INCLUDE_SOURCE;
				MTL_FAST_MATH = YES;
				ONLY_ACTIVE_ARCH = YES;
				SDKROOT = iphoneos;
				SWIFT_ACTIVE_COMPILATION_CONDITIONS = DEBUG;
				SWIFT_OPTIMIZATION_LEVEL = "-Onone";
			};
			name = Debug;
		};
		96027E93288432F400D2E07E /* Release */ = {
			isa = XCBuildConfiguration;
			buildSettings = {
				ALWAYS_SEARCH_USER_PATHS = NO;
				CLANG_ANALYZER_NONNULL = YES;
				CLANG_ANALYZER_NUMBER_OBJECT_CONVERSION = YES_AGGRESSIVE;
				CLANG_CXX_LANGUAGE_STANDARD = "gnu++17";
				CLANG_ENABLE_MODULES = YES;
				CLANG_ENABLE_OBJC_ARC = YES;
				CLANG_ENABLE_OBJC_WEAK = YES;
				CLANG_WARN_BLOCK_CAPTURE_AUTORELEASING = YES;
				CLANG_WARN_BOOL_CONVERSION = YES;
				CLANG_WARN_COMMA = YES;
				CLANG_WARN_CONSTANT_CONVERSION = YES;
				CLANG_WARN_DEPRECATED_OBJC_IMPLEMENTATIONS = YES;
				CLANG_WARN_DIRECT_OBJC_ISA_USAGE = YES_ERROR;
				CLANG_WARN_DOCUMENTATION_COMMENTS = YES;
				CLANG_WARN_EMPTY_BODY = YES;
				CLANG_WARN_ENUM_CONVERSION = YES;
				CLANG_WARN_INFINITE_RECURSION = YES;
				CLANG_WARN_INT_CONVERSION = YES;
				CLANG_WARN_NON_LITERAL_NULL_CONVERSION = YES;
				CLANG_WARN_OBJC_IMPLICIT_RETAIN_SELF = YES;
				CLANG_WARN_OBJC_LITERAL_CONVERSION = YES;
				CLANG_WARN_OBJC_ROOT_CLASS = YES_ERROR;
				CLANG_WARN_QUOTED_INCLUDE_IN_FRAMEWORK_HEADER = YES;
				CLANG_WARN_RANGE_LOOP_ANALYSIS = YES;
				CLANG_WARN_STRICT_PROTOTYPES = YES;
				CLANG_WARN_SUSPICIOUS_MOVE = YES;
				CLANG_WARN_UNGUARDED_AVAILABILITY = YES_AGGRESSIVE;
				CLANG_WARN_UNREACHABLE_CODE = YES;
				CLANG_WARN__DUPLICATE_METHOD_MATCH = YES;
				COPY_PHASE_STRIP = NO;
				DEBUG_INFORMATION_FORMAT = "dwarf-with-dsym";
				ENABLE_NS_ASSERTIONS = NO;
				ENABLE_STRICT_OBJC_MSGSEND = YES;
				GCC_C_LANGUAGE_STANDARD = gnu11;
				GCC_NO_COMMON_BLOCKS = YES;
				GCC_WARN_64_TO_32_BIT_CONVERSION = YES;
				GCC_WARN_ABOUT_RETURN_TYPE = YES_ERROR;
				GCC_WARN_UNDECLARED_SELECTOR = YES;
				GCC_WARN_UNINITIALIZED_AUTOS = YES_AGGRESSIVE;
				GCC_WARN_UNUSED_FUNCTION = YES;
				GCC_WARN_UNUSED_VARIABLE = YES;
				IPHONEOS_DEPLOYMENT_TARGET = 15.5;
				MTL_ENABLE_DEBUG_INFO = NO;
				MTL_FAST_MATH = YES;
				SDKROOT = iphoneos;
				SWIFT_COMPILATION_MODE = wholemodule;
				SWIFT_OPTIMIZATION_LEVEL = "-O";
				VALIDATE_PRODUCT = YES;
			};
			name = Release;
		};
		96027E95288432F400D2E07E /* Debug */ = {
			isa = XCBuildConfiguration;
			buildSettings = {
				ASSETCATALOG_COMPILER_APPICON_NAME = AppIcon;
				ASSETCATALOG_COMPILER_GLOBAL_ACCENT_COLOR_NAME = AccentColor;
				CODE_SIGN_STYLE = Automatic;
				CURRENT_PROJECT_VERSION = 1;
				DEVELOPMENT_TEAM = B2RV52W8G3;
				GENERATE_INFOPLIST_FILE = YES;
				INFOPLIST_FILE = MC3_Tamna/Info.plist;
				INFOPLIST_KEY_UIApplicationSupportsIndirectInputEvents = YES;
				INFOPLIST_KEY_UILaunchStoryboardName = LaunchScreen;
				INFOPLIST_KEY_UISupportedInterfaceOrientations_iPad = "UIInterfaceOrientationPortrait UIInterfaceOrientationPortraitUpsideDown UIInterfaceOrientationLandscapeLeft UIInterfaceOrientationLandscapeRight";
				INFOPLIST_KEY_UISupportedInterfaceOrientations_iPhone = UIInterfaceOrientationPortrait;
				LD_RUNPATH_SEARCH_PATHS = (
					"$(inherited)",
					"@executable_path/Frameworks",
				);
				MARKETING_VERSION = 1.0;
				PRODUCT_BUNDLE_IDENTIFIER = "com.swiftist.MC3-Tamna";
				PRODUCT_NAME = "$(TARGET_NAME)";
				SWIFT_EMIT_LOC_STRINGS = YES;
				SWIFT_VERSION = 5.0;
				TARGETED_DEVICE_FAMILY = 1;
			};
			name = Debug;
		};
		96027E96288432F400D2E07E /* Release */ = {
			isa = XCBuildConfiguration;
			buildSettings = {
				ASSETCATALOG_COMPILER_APPICON_NAME = AppIcon;
				ASSETCATALOG_COMPILER_GLOBAL_ACCENT_COLOR_NAME = AccentColor;
				CODE_SIGN_STYLE = Automatic;
				CURRENT_PROJECT_VERSION = 1;
				DEVELOPMENT_TEAM = B2RV52W8G3;
				GENERATE_INFOPLIST_FILE = YES;
				INFOPLIST_FILE = MC3_Tamna/Info.plist;
				INFOPLIST_KEY_UIApplicationSupportsIndirectInputEvents = YES;
				INFOPLIST_KEY_UILaunchStoryboardName = LaunchScreen;
				INFOPLIST_KEY_UISupportedInterfaceOrientations_iPad = "UIInterfaceOrientationPortrait UIInterfaceOrientationPortraitUpsideDown UIInterfaceOrientationLandscapeLeft UIInterfaceOrientationLandscapeRight";
				INFOPLIST_KEY_UISupportedInterfaceOrientations_iPhone = UIInterfaceOrientationPortrait;
				LD_RUNPATH_SEARCH_PATHS = (
					"$(inherited)",
					"@executable_path/Frameworks",
				);
				MARKETING_VERSION = 1.0;
				PRODUCT_BUNDLE_IDENTIFIER = "com.swiftist.MC3-Tamna";
				PRODUCT_NAME = "$(TARGET_NAME)";
				SWIFT_EMIT_LOC_STRINGS = YES;
				SWIFT_VERSION = 5.0;
				TARGETED_DEVICE_FAMILY = 1;
			};
			name = Release;
		};
/* End XCBuildConfiguration section */

/* Begin XCConfigurationList section */
		96027E7B288432F300D2E07E /* Build configuration list for PBXProject "MC3_Tamna" */ = {
			isa = XCConfigurationList;
			buildConfigurations = (
				96027E92288432F400D2E07E /* Debug */,
				96027E93288432F400D2E07E /* Release */,
			);
			defaultConfigurationIsVisible = 0;
			defaultConfigurationName = Release;
		};
		96027E94288432F400D2E07E /* Build configuration list for PBXNativeTarget "MC3_Tamna" */ = {
			isa = XCConfigurationList;
			buildConfigurations = (
				96027E95288432F400D2E07E /* Debug */,
				96027E96288432F400D2E07E /* Release */,
			);
			defaultConfigurationIsVisible = 0;
			defaultConfigurationName = Release;
		};
/* End XCConfigurationList section */

/* Begin XCRemoteSwiftPackageReference section */
		967FF603288439E800E5AF0A /* XCRemoteSwiftPackageReference "lottie-ios" */ = {
			isa = XCRemoteSwiftPackageReference;
			repositoryURL = "https://github.com/airbnb/lottie-ios";
			requirement = {
				kind = upToNextMajorVersion;
				minimumVersion = 3.0.0;
			};
		};
/* End XCRemoteSwiftPackageReference section */

/* Begin XCSwiftPackageProductDependency section */
		83FE810D288546F3004B5367 /* Lottie */ = {
			isa = XCSwiftPackageProductDependency;
			package = 967FF603288439E800E5AF0A /* XCRemoteSwiftPackageReference "lottie-ios" */;
			productName = Lottie;
		};
		967FF604288439E800E5AF0A /* Lottie */ = {
			isa = XCSwiftPackageProductDependency;
			package = 967FF603288439E800E5AF0A /* XCRemoteSwiftPackageReference "lottie-ios" */;
			productName = Lottie;
		};
/* End XCSwiftPackageProductDependency section */
	};
	rootObject = 96027E78288432F300D2E07E /* Project object */;
}
